{
  "name": "hmmath",
  "version": "1.0.0",
  "lockfileVersion": 3,
  "requires": true,
  "packages": {
    "": {
      "name": "hmmath",
      "version": "1.0.0",
      "license": "ISC",
      "dependencies": {
        "unpublish": "^1.0.0"
      }
    },
    "node_modules/unpublish": {
      "version": "1.0.0",
      "resolved": "https://registry.npmjs.org/unpublish/-/unpublish-1.0.0.tgz",
      "integrity": "sha512-5TKprlX/JdSC98du685OX7sp3fe3PdLHZISguk5dQWLiWY3hrC/xUVQMUOKc7302RuwfYF4b/65NG3m0Z33WPw=="
    }
  }
}
